PODS:
  - PolarBleSdk (6.4.0):
    - RxSwift (~> 6.8.0)
    - SwiftProtobuf (~> 1.0)
    - Zip (~> 2.1.2)
  - RxSwift (6.8.0)
  - SwiftProtobuf (1.30.0)
  - Zip (2.1.2)

DEPENDENCIES:
  - PolarBleSdk (= 6.4.0)

SPEC REPOS:
  https://github.com/CocoaPods/Specs.git:
    - PolarBleSdk
    - RxSwift
    - SwiftProtobuf
    - Zip

SPEC CHECKSUMS:
  PolarBleSdk: eebc7c89bf020b43998bee3a9f1e1f8cfb56bbfa
  RxSwift: 4e28be97cbcfeee614af26d83415febbf2bf6f45
  SwiftProtobuf: 3697407f0d5b23bedeba9c2eaaf3ec6fdff69349
  Zip: b3fef584b147b6e582b2256a9815c897d60ddc67

PODFILE CHECKSUM: a4e6f4fcbe5b2c8c0e33008a3ff13b4593040dbe

COCOAPODS: 1.16.2
