// !$*UTF8*$!
{
	archiveVersion = 1;
	classes = {
	};
	objectVersion = 56;
	objects = {

/* Begin PBXBuildFile section */
		69A73D7516FA6EA6A5B718E4 /* Pods_polar_alert_ios.framework in Frameworks */ = {isa = PBXBuildFile; fileRef = 0E57C690B36FA61308B489BB /* Pods_polar_alert_ios.framework */; };
		830C44282C4C0BDD009327F5 /* Settings.swift in Sources */ = {isa = PBXBuildFile; fileRef = 830C44272C4C0BDD009327F5 /* Settings.swift */; };
		833F3B322C54EE2700B474E6 /* privacy-policy.md in Resources */ = {isa = PBXBuildFile; fileRef = 833F3B302C54EE2700B474E6 /* privacy-policy.md */; };
		833F3B332C54EE2700B474E6 /* terms-and-conditions.md in Resources */ = {isa = PBXBuildFile; fileRef = 833F3B312C54EE2700B474E6 /* terms-and-conditions.md */; };
		833F3B352C54EEDC00B474E6 /* LICENSE in Resources */ = {isa = PBXBuildFile; fileRef = 833F3B342C54EEDC00B474E6 /* LICENSE */; };
		834053802C46C2C1009DA8A7 /* RunController.swift in Sources */ = {isa = PBXBuildFile; fileRef = 8340537F2C46C2C1009DA8A7 /* RunController.swift */; };
		8347660E2C56DE4000B80131 /* cover.png in Resources */ = {isa = PBXBuildFile; fileRef = 8347660D2C56DE4000B80131 /* cover.png */; };
		83AA28FE2C496A5B0036C105 /* SoundManager.swift in Sources */ = {isa = PBXBuildFile; fileRef = 83AA28FD2C496A5B0036C105 /* SoundManager.swift */; };
		83AA29032C4975C00036C105 /* low_beep.wav in Resources */ = {isa = PBXBuildFile; fileRef = 83AA29012C4975C00036C105 /* low_beep.wav */; };
		83AA29042C4975C00036C105 /* high_beep.wav in Resources */ = {isa = PBXBuildFile; fileRef = 83AA29022C4975C00036C105 /* high_beep.wav */; };
		83AA29082C49A1B00036C105 /* Debouncer.swift in Sources */ = {isa = PBXBuildFile; fileRef = 83AA29072C49A1B00036C105 /* Debouncer.swift */; };
		83AFF4C62C42563C00B200EE /* PolarBleSdkManager.swift in Sources */ = {isa = PBXBuildFile; fileRef = 83AFF4C52C42563C00B200EE /* PolarBleSdkManager.swift */; };
		83B36CFC2C441CA100857562 /* RangeSlider.swift in Sources */ = {isa = PBXBuildFile; fileRef = 83B36CFB2C441CA100857562 /* RangeSlider.swift */; };
		83D88C0F2C59301A003516EC /* Polar_SDK_License.txt in Resources */ = {isa = PBXBuildFile; fileRef = 83D88C0E2C59301A003516EC /* Polar_SDK_License.txt */; };
		83F1C5AD2C3A89830013E04B /* AppDelegate.swift in Sources */ = {isa = PBXBuildFile; fileRef = 83F1C5AC2C3A89830013E04B /* AppDelegate.swift */; };
		83F1C5AF2C3A89830013E04B /* SceneDelegate.swift in Sources */ = {isa = PBXBuildFile; fileRef = 83F1C5AE2C3A89830013E04B /* SceneDelegate.swift */; };
		83F1C5B12C3A89830013E04B /* MainController.swift in Sources */ = {isa = PBXBuildFile; fileRef = 83F1C5B02C3A89830013E04B /* MainController.swift */; };
		83F1C5B42C3A89830013E04B /* Base in Resources */ = {isa = PBXBuildFile; fileRef = 83F1C5B32C3A89830013E04B /* Base */; };
		83F1C5B62C3A89860013E04B /* Assets.xcassets in Resources */ = {isa = PBXBuildFile; fileRef = 83F1C5B52C3A89860013E04B /* Assets.xcassets */; };
		83F1C5B92C3A89860013E04B /* Base in Resources */ = {isa = PBXBuildFile; fileRef = 83F1C5B82C3A89860013E04B /* Base */; };
		83F1C5C12C3A8A5D0013E04B /* SetupController.swift in Sources */ = {isa = PBXBuildFile; fileRef = 83F1C5C02C3A8A5D0013E04B /* SetupController.swift */; };
/* End PBXBuildFile section */

/* Begin PBXFileReference section */
		038E690C7A07227E7BCCAAC2 /* Pods-polar-alert-ios.debug.xcconfig */ = {isa = PBXFileReference; includeInIndex = 1; lastKnownFileType = text.xcconfig; name = "Pods-polar-alert-ios.debug.xcconfig"; path = "Target Support Files/Pods-polar-alert-ios/Pods-polar-alert-ios.debug.xcconfig"; sourceTree = "<group>"; };
		0E57C690B36FA61308B489BB /* Pods_polar_alert_ios.framework */ = {isa = PBXFileReference; explicitFileType = wrapper.framework; includeInIndex = 0; path = Pods_polar_alert_ios.framework; sourceTree = BUILT_PRODUCTS_DIR; };
		4E4A0FE8D9C36DB6F54EFF54 /* Pods-polar-alert-ios.release.xcconfig */ = {isa = PBXFileReference; includeInIndex = 1; lastKnownFileType = text.xcconfig; name = "Pods-polar-alert-ios.release.xcconfig"; path = "Target Support Files/Pods-polar-alert-ios/Pods-polar-alert-ios.release.xcconfig"; sourceTree = "<group>"; };
		830C44272C4C0BDD009327F5 /* Settings.swift */ = {isa = PBXFileReference; lastKnownFileType = sourcecode.swift; path = Settings.swift; sourceTree = "<group>"; };
		833F3B302C54EE2700B474E6 /* privacy-policy.md */ = {isa = PBXFileReference; fileEncoding = 4; lastKnownFileType = net.daringfireball.markdown; path = "privacy-policy.md"; sourceTree = "<group>"; };
		833F3B312C54EE2700B474E6 /* terms-and-conditions.md */ = {isa = PBXFileReference; fileEncoding = 4; lastKnownFileType = net.daringfireball.markdown; path = "terms-and-conditions.md"; sourceTree = "<group>"; };
		833F3B342C54EEDC00B474E6 /* LICENSE */ = {isa = PBXFileReference; fileEncoding = 4; lastKnownFileType = text; path = LICENSE; sourceTree = "<group>"; };
		8340537F2C46C2C1009DA8A7 /* RunController.swift */ = {isa = PBXFileReference; lastKnownFileType = sourcecode.swift; path = RunController.swift; sourceTree = "<group>"; };
		8347660D2C56DE4000B80131 /* cover.png */ = {isa = PBXFileReference; lastKnownFileType = image.png; path = cover.png; sourceTree = "<group>"; };
		8347660F2C56DE5B00B80131 /* README.md */ = {isa = PBXFileReference; lastKnownFileType = net.daringfireball.markdown; path = README.md; sourceTree = "<group>"; };
		83AA28FD2C496A5B0036C105 /* SoundManager.swift */ = {isa = PBXFileReference; lastKnownFileType = sourcecode.swift; path = SoundManager.swift; sourceTree = "<group>"; };
		83AA29012C4975C00036C105 /* low_beep.wav */ = {isa = PBXFileReference; lastKnownFileType = audio.wav; path = low_beep.wav; sourceTree = "<group>"; };
		83AA29022C4975C00036C105 /* high_beep.wav */ = {isa = PBXFileReference; lastKnownFileType = audio.wav; path = high_beep.wav; sourceTree = "<group>"; };
		83AA29072C49A1B00036C105 /* Debouncer.swift */ = {isa = PBXFileReference; lastKnownFileType = sourcecode.swift; path = Debouncer.swift; sourceTree = "<group>"; };
		83AFF4C52C42563C00B200EE /* PolarBleSdkManager.swift */ = {isa = PBXFileReference; lastKnownFileType = sourcecode.swift; path = PolarBleSdkManager.swift; sourceTree = "<group>"; };
		83B36CFB2C441CA100857562 /* RangeSlider.swift */ = {isa = PBXFileReference; lastKnownFileType = sourcecode.swift; path = RangeSlider.swift; sourceTree = "<group>"; };
		83D88C0E2C59301A003516EC /* Polar_SDK_License.txt */ = {isa = PBXFileReference; fileEncoding = 4; lastKnownFileType = text; path = Polar_SDK_License.txt; sourceTree = "<group>"; };
		83F1C5A92C3A89830013E04B /* polar-alert-ios.app */ = {isa = PBXFileReference; explicitFileType = wrapper.application; includeInIndex = 0; path = "polar-alert-ios.app"; sourceTree = BUILT_PRODUCTS_DIR; };
		83F1C5AC2C3A89830013E04B /* AppDelegate.swift */ = {isa = PBXFileReference; lastKnownFileType = sourcecode.swift; path = AppDelegate.swift; sourceTree = "<group>"; };
		83F1C5AE2C3A89830013E04B /* SceneDelegate.swift */ = {isa = PBXFileReference; lastKnownFileType = sourcecode.swift; path = SceneDelegate.swift; sourceTree = "<group>"; };
		83F1C5B02C3A89830013E04B /* MainController.swift */ = {isa = PBXFileReference; lastKnownFileType = sourcecode.swift; path = MainController.swift; sourceTree = "<group>"; };
		83F1C5B32C3A89830013E04B /* Base */ = {isa = PBXFileReference; lastKnownFileType = file.storyboard; name = Base; path = Base.lproj/Main.storyboard; sourceTree = "<group>"; };
		83F1C5B52C3A89860013E04B /* Assets.xcassets */ = {isa = PBXFileReference; lastKnownFileType = folder.assetcatalog; path = Assets.xcassets; sourceTree = "<group>"; };
		83F1C5B82C3A89860013E04B /* Base */ = {isa = PBXFileReference; lastKnownFileType = file.storyboard; name = Base; path = Base.lproj/LaunchScreen.storyboard; sourceTree = "<group>"; };
		83F1C5BA2C3A89860013E04B /* Info.plist */ = {isa = PBXFileReference; lastKnownFileType = text.plist.xml; path = Info.plist; sourceTree = "<group>"; };
		83F1C5C02C3A8A5D0013E04B /* SetupController.swift */ = {isa = PBXFileReference; lastKnownFileType = sourcecode.swift; path = SetupController.swift; sourceTree = "<group>"; };
/* End PBXFileReference section */

/* Begin PBXFrameworksBuildPhase section */
		83F1C5A62C3A89830013E04B /* Frameworks */ = {
			isa = PBXFrameworksBuildPhase;
			buildActionMask = 2147483647;
			files = (
				69A73D7516FA6EA6A5B718E4 /* Pods_polar_alert_ios.framework in Frameworks */,
			);
			runOnlyForDeploymentPostprocessing = 0;
		};
/* End PBXFrameworksBuildPhase section */

/* Begin PBXGroup section */
		01D6F2D1084DD233B3B505FD /* Pods */ = {
			isa = PBXGroup;
			children = (
				038E690C7A07227E7BCCAAC2 /* Pods-polar-alert-ios.debug.xcconfig */,
				4E4A0FE8D9C36DB6F54EFF54 /* Pods-polar-alert-ios.release.xcconfig */,
			);
			path = Pods;
			sourceTree = "<group>";
		};
		83F1C5A02C3A89830013E04B = {
			isa = PBXGroup;
			children = (
				83D88C0E2C59301A003516EC /* Polar_SDK_License.txt */,
				8347660F2C56DE5B00B80131 /* README.md */,
				8347660D2C56DE4000B80131 /* cover.png */,
				833F3B342C54EEDC00B474E6 /* LICENSE */,
				833F3B302C54EE2700B474E6 /* privacy-policy.md */,
				833F3B312C54EE2700B474E6 /* terms-and-conditions.md */,
				83F1C5AB2C3A89830013E04B /* polar-alert-ios */,
				83F1C5AA2C3A89830013E04B /* Products */,
				01D6F2D1084DD233B3B505FD /* Pods */,
				D95CA84793557EF9158E549A /* Frameworks */,
			);
			sourceTree = "<group>";
		};
		83F1C5AA2C3A89830013E04B /* Products */ = {
			isa = PBXGroup;
			children = (
				83F1C5A92C3A89830013E04B /* polar-alert-ios.app */,
			);
			name = Products;
			sourceTree = "<group>";
		};
		83F1C5AB2C3A89830013E04B /* polar-alert-ios */ = {
			isa = PBXGroup;
			children = (
				83F2FA1C2C4840A800ADAFA9 /* Sounds */,
				83F1C5AC2C3A89830013E04B /* AppDelegate.swift */,
				83F1C5B02C3A89830013E04B /* MainController.swift */,
				83F1C5C02C3A8A5D0013E04B /* SetupController.swift */,
				8340537F2C46C2C1009DA8A7 /* RunController.swift */,
				83AFF4C52C42563C00B200EE /* PolarBleSdkManager.swift */,
				83F1C5B22C3A89830013E04B /* Main.storyboard */,
				83F1C5B52C3A89860013E04B /* Assets.xcassets */,
				83F1C5B72C3A89860013E04B /* LaunchScreen.storyboard */,
				83F1C5BA2C3A89860013E04B /* Info.plist */,
				83F1C5AE2C3A89830013E04B /* SceneDelegate.swift */,
				83B36CFB2C441CA100857562 /* RangeSlider.swift */,
				83AA28FD2C496A5B0036C105 /* SoundManager.swift */,
				83AA29072C49A1B00036C105 /* Debouncer.swift */,
				830C44272C4C0BDD009327F5 /* Settings.swift */,
			);
			path = "polar-alert-ios";
			sourceTree = "<group>";
		};
		83F2FA1C2C4840A800ADAFA9 /* Sounds */ = {
			isa = PBXGroup;
			children = (
				83AA29022C4975C00036C105 /* high_beep.wav */,
				83AA29012C4975C00036C105 /* low_beep.wav */,
			);
			path = Sounds;
			sourceTree = "<group>";
		};
		D95CA84793557EF9158E549A /* Frameworks */ = {
			isa = PBXGroup;
			children = (
				0E57C690B36FA61308B489BB /* Pods_polar_alert_ios.framework */,
			);
			name = Frameworks;
			sourceTree = "<group>";
		};
/* End PBXGroup section */

/* Begin PBXNativeTarget section */
		83F1C5A82C3A89830013E04B /* polar-alert-ios */ = {
			isa = PBXNativeTarget;
			buildConfigurationList = 83F1C5BD2C3A89860013E04B /* Build configuration list for PBXNativeTarget "polar-alert-ios" */;
			buildPhases = (
				461DCE41A0E5856CCDFB44DE /* [CP] Check Pods Manifest.lock */,
				83F1C5A52C3A89830013E04B /* Sources */,
				83F1C5A62C3A89830013E04B /* Frameworks */,
				83F1C5A72C3A89830013E04B /* Resources */,
				E9269F70F99F02BB4366A584 /* [CP] Embed Pods Frameworks */,
			);
			buildRules = (
			);
			dependencies = (
			);
			name = "polar-alert-ios";
			productName = "polar-alert-ios";
			productReference = 83F1C5A92C3A89830013E04B /* polar-alert-ios.app */;
			productType = "com.apple.product-type.application";
		};
/* End PBXNativeTarget section */

/* Begin PBXProject section */
		83F1C5A12C3A89830013E04B /* Project object */ = {
			isa = PBXProject;
			attributes = {
				BuildIndependentTargetsInParallel = 1;
				LastSwiftUpdateCheck = 1540;
				LastUpgradeCheck = 1540;
				TargetAttributes = {
					83F1C5A82C3A89830013E04B = {
						CreatedOnToolsVersion = 15.4;
					};
				};
			};
			buildConfigurationList = 83F1C5A42C3A89830013E04B /* Build configuration list for PBXProject "polar-alert-ios" */;
			compatibilityVersion = "Xcode 14.0";
			developmentRegion = en;
			hasScannedForEncodings = 0;
			knownRegions = (
				en,
				Base,
			);
			mainGroup = 83F1C5A02C3A89830013E04B;
			productRefGroup = 83F1C5AA2C3A89830013E04B /* Products */;
			projectDirPath = "";
			projectRoot = "";
			targets = (
				83F1C5A82C3A89830013E04B /* polar-alert-ios */,
			);
		};
/* End PBXProject section */

/* Begin PBXResourcesBuildPhase section */
		83F1C5A72C3A89830013E04B /* Resources */ = {
			isa = PBXResourcesBuildPhase;
			buildActionMask = 2147483647;
			files = (
				8347660E2C56DE4000B80131 /* cover.png in Resources */,
				83F1C5B62C3A89860013E04B /* Assets.xcassets in Resources */,
				83F1C5B92C3A89860013E04B /* Base in Resources */,
				833F3B352C54EEDC00B474E6 /* LICENSE in Resources */,
				83AA29042C4975C00036C105 /* high_beep.wav in Resources */,
				833F3B332C54EE2700B474E6 /* terms-and-conditions.md in Resources */,
				83D88C0F2C59301A003516EC /* Polar_SDK_License.txt in Resources */,
				83AA29032C4975C00036C105 /* low_beep.wav in Resources */,
				83F1C5B42C3A89830013E04B /* Base in Resources */,
				833F3B322C54EE2700B474E6 /* privacy-policy.md in Resources */,
			);
			runOnlyForDeploymentPostprocessing = 0;
		};
/* End PBXResourcesBuildPhase section */

/* Begin PBXShellScriptBuildPhase section */
		461DCE41A0E5856CCDFB44DE /* [CP] Check Pods Manifest.lock */ = {
			isa = PBXShellScriptBuildPhase;
			buildActionMask = 2147483647;
			files = (
			);
			inputFileListPaths = (
			);
			inputPaths = (
				"${PODS_PODFILE_DIR_PATH}/Podfile.lock",
				"${PODS_ROOT}/Manifest.lock",
			);
			name = "[CP] Check Pods Manifest.lock";
			outputFileListPaths = (
			);
			outputPaths = (
				"$(DERIVED_FILE_DIR)/Pods-polar-alert-ios-checkManifestLockResult.txt",
			);
			runOnlyForDeploymentPostprocessing = 0;
			shellPath = /bin/sh;
			shellScript = "diff \"${PODS_PODFILE_DIR_PATH}/Podfile.lock\" \"${PODS_ROOT}/Manifest.lock\" > /dev/null\nif [ $? != 0 ] ; then\n    # print error to STDERR\n    echo \"error: The sandbox is not in sync with the Podfile.lock. Run 'pod install' or update your CocoaPods installation.\" >&2\n    exit 1\nfi\n# This output is used by Xcode 'outputs' to avoid re-running this script phase.\necho \"SUCCESS\" > \"${SCRIPT_OUTPUT_FILE_0}\"\n";
			showEnvVarsInLog = 0;
		};
		E9269F70F99F02BB4366A584 /* [CP] Embed Pods Frameworks */ = {
			isa = PBXShellScriptBuildPhase;
			buildActionMask = 2147483647;
			files = (
			);
			inputFileListPaths = (
				"${PODS_ROOT}/Target Support Files/Pods-polar-alert-ios/Pods-polar-alert-ios-frameworks-${CONFIGURATION}-input-files.xcfilelist",
			);
			name = "[CP] Embed Pods Frameworks";
			outputFileListPaths = (
				"${PODS_ROOT}/Target Support Files/Pods-polar-alert-ios/Pods-polar-alert-ios-frameworks-${CONFIGURATION}-output-files.xcfilelist",
			);
			runOnlyForDeploymentPostprocessing = 0;
			shellPath = /bin/sh;
			shellScript = "\"${PODS_ROOT}/Target Support Files/Pods-polar-alert-ios/Pods-polar-alert-ios-frameworks.sh\"\n";
			showEnvVarsInLog = 0;
		};
/* End PBXShellScriptBuildPhase section */

/* Begin PBXSourcesBuildPhase section */
		83F1C5A52C3A89830013E04B /* Sources */ = {
			isa = PBXSourcesBuildPhase;
			buildActionMask = 2147483647;
			files = (
				834053802C46C2C1009DA8A7 /* RunController.swift in Sources */,
				83AA28FE2C496A5B0036C105 /* SoundManager.swift in Sources */,
				83AA29082C49A1B00036C105 /* Debouncer.swift in Sources */,
				83F1C5B12C3A89830013E04B /* MainController.swift in Sources */,
				830C44282C4C0BDD009327F5 /* Settings.swift in Sources */,
				83B36CFC2C441CA100857562 /* RangeSlider.swift in Sources */,
				83AFF4C62C42563C00B200EE /* PolarBleSdkManager.swift in Sources */,
				83F1C5C12C3A8A5D0013E04B /* SetupController.swift in Sources */,
				83F1C5AD2C3A89830013E04B /* AppDelegate.swift in Sources */,
				83F1C5AF2C3A89830013E04B /* SceneDelegate.swift in Sources */,
			);
			runOnlyForDeploymentPostprocessing = 0;
		};
/* End PBXSourcesBuildPhase section */

/* Begin PBXVariantGroup section */
		83F1C5B22C3A89830013E04B /* Main.storyboard */ = {
			isa = PBXVariantGroup;
			children = (
				83F1C5B32C3A89830013E04B /* Base */,
			);
			name = Main.storyboard;
			sourceTree = "<group>";
		};
		83F1C5B72C3A89860013E04B /* LaunchScreen.storyboard */ = {
			isa = PBXVariantGroup;
			children = (
				83F1C5B82C3A89860013E04B /* Base */,
			);
			name = LaunchScreen.storyboard;
			sourceTree = "<group>";
		};
/* End PBXVariantGroup section */

/* Begin XCBuildConfiguration section */
		83F1C5BB2C3A89860013E04B /* Debug */ = {
			isa = XCBuildConfiguration;
			buildSettings = {
				ALWAYS_SEARCH_USER_PATHS = NO;
				ASSETCATALOG_COMPILER_GENERATE_SWIFT_ASSET_SYMBOL_EXTENSIONS = YES;
				CLANG_ANALYZER_NONNULL = YES;
				CLANG_ANALYZER_NUMBER_OBJECT_CONVERSION = YES_AGGRESSIVE;
				CLANG_CXX_LANGUAGE_STANDARD = "gnu++20";
				CLANG_ENABLE_MODULES = YES;
				CLANG_ENABLE_OBJC_ARC = YES;
				CLANG_ENABLE_OBJC_WEAK = YES;
				CLANG_WARN_BLOCK_CAPTURE_AUTORELEASING = YES;
				CLANG_WARN_BOOL_CONVERSION = YES;
				CLANG_WARN_COMMA = YES;
				CLANG_WARN_CONSTANT_CONVERSION = YES;
				CLANG_WARN_DEPRECATED_OBJC_IMPLEMENTATIONS = YES;
				CLANG_WARN_DIRECT_OBJC_ISA_USAGE = YES_ERROR;
				CLANG_WARN_DOCUMENTATION_COMMENTS = YES;
				CLANG_WARN_EMPTY_BODY = YES;
				CLANG_WARN_ENUM_CONVERSION = YES;
				CLANG_WARN_INFINITE_RECURSION = YES;
				CLANG_WARN_INT_CONVERSION = YES;
				CLANG_WARN_NON_LITERAL_NULL_CONVERSION = YES;
				CLANG_WARN_OBJC_IMPLICIT_RETAIN_SELF = YES;
				CLANG_WARN_OBJC_LITERAL_CONVERSION = YES;
				CLANG_WARN_OBJC_ROOT_CLASS = YES_ERROR;
				CLANG_WARN_QUOTED_INCLUDE_IN_FRAMEWORK_HEADER = YES;
				CLANG_WARN_RANGE_LOOP_ANALYSIS = YES;
				CLANG_WARN_STRICT_PROTOTYPES = YES;
				CLANG_WARN_SUSPICIOUS_MOVE = YES;
				CLANG_WARN_UNGUARDED_AVAILABILITY = YES_AGGRESSIVE;
				CLANG_WARN_UNREACHABLE_CODE = YES;
				CLANG_WARN__DUPLICATE_METHOD_MATCH = YES;
				COPY_PHASE_STRIP = NO;
				DEBUG_INFORMATION_FORMAT = dwarf;
				ENABLE_STRICT_OBJC_MSGSEND = YES;
				ENABLE_TESTABILITY = YES;
				ENABLE_USER_SCRIPT_SANDBOXING = YES;
				GCC_C_LANGUAGE_STANDARD = gnu17;
				GCC_DYNAMIC_NO_PIC = NO;
				GCC_NO_COMMON_BLOCKS = YES;
				GCC_OPTIMIZATION_LEVEL = 0;
				GCC_PREPROCESSOR_DEFINITIONS = (
					"DEBUG=1",
					"$(inherited)",
				);
				GCC_WARN_64_TO_32_BIT_CONVERSION = YES;
				GCC_WARN_ABOUT_RETURN_TYPE = YES_ERROR;
				GCC_WARN_UNDECLARED_SELECTOR = YES;
				GCC_WARN_UNINITIALIZED_AUTOS = YES_AGGRESSIVE;
				GCC_WARN_UNUSED_FUNCTION = YES;
				GCC_WARN_UNUSED_VARIABLE = YES;
				IPHONEOS_DEPLOYMENT_TARGET = 15.0;
				LOCALIZATION_PREFERS_STRING_CATALOGS = YES;
				MTL_ENABLE_DEBUG_INFO = INCLUDE_SOURCE;
				MTL_FAST_MATH = YES;
				ONLY_ACTIVE_ARCH = YES;
				SDKROOT = iphoneos;
				SWIFT_ACTIVE_COMPILATION_CONDITIONS = "DEBUG $(inherited)";
				SWIFT_OPTIMIZATION_LEVEL = "-Onone";
			};
			name = Debug;
		};
		83F1C5BC2C3A89860013E04B /* Release */ = {
			isa = XCBuildConfiguration;
			buildSettings = {
				ALWAYS_SEARCH_USER_PATHS = NO;
				ASSETCATALOG_COMPILER_GENERATE_SWIFT_ASSET_SYMBOL_EXTENSIONS = YES;
				CLANG_ANALYZER_NONNULL = YES;
				CLANG_ANALYZER_NUMBER_OBJECT_CONVERSION = YES_AGGRESSIVE;
				CLANG_CXX_LANGUAGE_STANDARD = "gnu++20";
				CLANG_ENABLE_MODULES = YES;
				CLANG_ENABLE_OBJC_ARC = YES;
				CLANG_ENABLE_OBJC_WEAK = YES;
				CLANG_WARN_BLOCK_CAPTURE_AUTORELEASING = YES;
				CLANG_WARN_BOOL_CONVERSION = YES;
				CLANG_WARN_COMMA = YES;
				CLANG_WARN_CONSTANT_CONVERSION = YES;
				CLANG_WARN_DEPRECATED_OBJC_IMPLEMENTATIONS = YES;
				CLANG_WARN_DIRECT_OBJC_ISA_USAGE = YES_ERROR;
				CLANG_WARN_DOCUMENTATION_COMMENTS = YES;
				CLANG_WARN_EMPTY_BODY = YES;
				CLANG_WARN_ENUM_CONVERSION = YES;
				CLANG_WARN_INFINITE_RECURSION = YES;
				CLANG_WARN_INT_CONVERSION = YES;
				CLANG_WARN_NON_LITERAL_NULL_CONVERSION = YES;
				CLANG_WARN_OBJC_IMPLICIT_RETAIN_SELF = YES;
				CLANG_WARN_OBJC_LITERAL_CONVERSION = YES;
				CLANG_WARN_OBJC_ROOT_CLASS = YES_ERROR;
				CLANG_WARN_QUOTED_INCLUDE_IN_FRAMEWORK_HEADER = YES;
				CLANG_WARN_RANGE_LOOP_ANALYSIS = YES;
				CLANG_WARN_STRICT_PROTOTYPES = YES;
				CLANG_WARN_SUSPICIOUS_MOVE = YES;
				CLANG_WARN_UNGUARDED_AVAILABILITY = YES_AGGRESSIVE;
				CLANG_WARN_UNREACHABLE_CODE = YES;
				CLANG_WARN__DUPLICATE_METHOD_MATCH = YES;
				COPY_PHASE_STRIP = NO;
				DEBUG_INFORMATION_FORMAT = "dwarf-with-dsym";
				ENABLE_NS_ASSERTIONS = NO;
				ENABLE_STRICT_OBJC_MSGSEND = YES;
				ENABLE_USER_SCRIPT_SANDBOXING = YES;
				GCC_C_LANGUAGE_STANDARD = gnu17;
				GCC_NO_COMMON_BLOCKS = YES;
				GCC_WARN_64_TO_32_BIT_CONVERSION = YES;
				GCC_WARN_ABOUT_RETURN_TYPE = YES_ERROR;
				GCC_WARN_UNDECLARED_SELECTOR = YES;
				GCC_WARN_UNINITIALIZED_AUTOS = YES_AGGRESSIVE;
				GCC_WARN_UNUSED_FUNCTION = YES;
				GCC_WARN_UNUSED_VARIABLE = YES;
				IPHONEOS_DEPLOYMENT_TARGET = 15.0;
				LOCALIZATION_PREFERS_STRING_CATALOGS = YES;
				MTL_ENABLE_DEBUG_INFO = NO;
				MTL_FAST_MATH = YES;
				SDKROOT = iphoneos;
				SWIFT_COMPILATION_MODE = wholemodule;
				VALIDATE_PRODUCT = YES;
			};
			name = Release;
		};
		83F1C5BE2C3A89860013E04B /* Debug */ = {
			isa = XCBuildConfiguration;
			baseConfigurationReference = 038E690C7A07227E7BCCAAC2 /* Pods-polar-alert-ios.debug.xcconfig */;
			buildSettings = {
				ASSETCATALOG_COMPILER_APPICON_NAME = AppIcon;
				ASSETCATALOG_COMPILER_GLOBAL_ACCENT_COLOR_NAME = AccentColor;
				CODE_SIGN_STYLE = Automatic;
				CURRENT_PROJECT_VERSION = 1;
				DEVELOPMENT_TEAM = 49Z845J2SJ;
				ENABLE_USER_SCRIPT_SANDBOXING = NO;
				GENERATE_INFOPLIST_FILE = YES;
				INFOPLIST_FILE = "polar-alert-ios/Info.plist";
				INFOPLIST_KEY_CFBundleDisplayName = "Polar Alert";
				INFOPLIST_KEY_LSApplicationCategoryType = "public.app-category.healthcare-fitness";
				INFOPLIST_KEY_NSBluetoothAlwaysUsageDescription = "App needs Bluetooth access to connect to your heart rate monitor.";
				INFOPLIST_KEY_UIApplicationSupportsIndirectInputEvents = YES;
				INFOPLIST_KEY_UILaunchStoryboardName = LaunchScreen;
				INFOPLIST_KEY_UIMainStoryboardFile = Main;
				INFOPLIST_KEY_UIRequiresFullScreen = YES;
				INFOPLIST_KEY_UIStatusBarHidden = NO;
				INFOPLIST_KEY_UIStatusBarStyle = "";
				INFOPLIST_KEY_UISupportedInterfaceOrientations = UIInterfaceOrientationPortrait;
				LD_RUNPATH_SEARCH_PATHS = (
					"$(inherited)",
					"@executable_path/Frameworks",
				);
				MARKETING_VERSION = 1.0.0;
				PRODUCT_BUNDLE_IDENTIFIER = "com.nikashitsa.polar-alert-ios";
				PRODUCT_NAME = "$(TARGET_NAME)";
				SUPPORTED_PLATFORMS = "iphoneos iphonesimulator";
				SUPPORTS_MACCATALYST = NO;
				SUPPORTS_MAC_DESIGNED_FOR_IPHONE_IPAD = NO;
				SUPPORTS_XR_DESIGNED_FOR_IPHONE_IPAD = NO;
				SWIFT_EMIT_LOC_STRINGS = YES;
				SWIFT_VERSION = 5.0;
				TARGETED_DEVICE_FAMILY = "1,2";
			};
			name = Debug;
		};
		83F1C5BF2C3A89860013E04B /* Release */ = {
			isa = XCBuildConfiguration;
			baseConfigurationReference = 4E4A0FE8D9C36DB6F54EFF54 /* Pods-polar-alert-ios.release.xcconfig */;
			buildSettings = {
				ASSETCATALOG_COMPILER_APPICON_NAME = AppIcon;
				ASSETCATALOG_COMPILER_GLOBAL_ACCENT_COLOR_NAME = AccentColor;
				CODE_SIGN_STYLE = Automatic;
				CURRENT_PROJECT_VERSION = 1;
				DEVELOPMENT_TEAM = 49Z845J2SJ;
				ENABLE_USER_SCRIPT_SANDBOXING = NO;
				GENERATE_INFOPLIST_FILE = YES;
				INFOPLIST_FILE = "polar-alert-ios/Info.plist";
				INFOPLIST_KEY_CFBundleDisplayName = "Polar Alert";
				INFOPLIST_KEY_LSApplicationCategoryType = "public.app-category.healthcare-fitness";
				INFOPLIST_KEY_NSBluetoothAlwaysUsageDescription = "App needs Bluetooth access to connect to your heart rate monitor.";
				INFOPLIST_KEY_UIApplicationSupportsIndirectInputEvents = YES;
				INFOPLIST_KEY_UILaunchStoryboardName = LaunchScreen;
				INFOPLIST_KEY_UIMainStoryboardFile = Main;
				INFOPLIST_KEY_UIRequiresFullScreen = YES;
				INFOPLIST_KEY_UIStatusBarHidden = NO;
				INFOPLIST_KEY_UIStatusBarStyle = "";
				INFOPLIST_KEY_UISupportedInterfaceOrientations = UIInterfaceOrientationPortrait;
				LD_RUNPATH_SEARCH_PATHS = (
					"$(inherited)",
					"@executable_path/Frameworks",
				);
				MARKETING_VERSION = 1.0.0;
				PRODUCT_BUNDLE_IDENTIFIER = "com.nikashitsa.polar-alert-ios";
				PRODUCT_NAME = "$(TARGET_NAME)";
				SUPPORTED_PLATFORMS = "iphoneos iphonesimulator";
				SUPPORTS_MACCATALYST = NO;
				SUPPORTS_MAC_DESIGNED_FOR_IPHONE_IPAD = NO;
				SUPPORTS_XR_DESIGNED_FOR_IPHONE_IPAD = NO;
				SWIFT_EMIT_LOC_STRINGS = YES;
				SWIFT_VERSION = 5.0;
				TARGETED_DEVICE_FAMILY = "1,2";
			};
			name = Release;
		};
/* End XCBuildConfiguration section */

/* Begin XCConfigurationList section */
		83F1C5A42C3A89830013E04B /* Build configuration list for PBXProject "polar-alert-ios" */ = {
			isa = XCConfigurationList;
			buildConfigurations = (
				83F1C5BB2C3A89860013E04B /* Debug */,
				83F1C5BC2C3A89860013E04B /* Release */,
			);
			defaultConfigurationIsVisible = 0;
			defaultConfigurationName = Release;
		};
		83F1C5BD2C3A89860013E04B /* Build configuration list for PBXNativeTarget "polar-alert-ios" */ = {
			isa = XCConfigurationList;
			buildConfigurations = (
				83F1C5BE2C3A89860013E04B /* Debug */,
				83F1C5BF2C3A89860013E04B /* Release */,
			);
			defaultConfigurationIsVisible = 0;
			defaultConfigurationName = Release;
		};
/* End XCConfigurationList section */
	};
	rootObject = 83F1C5A12C3A89830013E04B /* Project object */;
}
